
Microsoft Visual Studio Solution File, Format Version 12.00
# Visual Studio 15
VisualStudioVersion = 15.0.28307.1000
MinimumVisualStudioVersion = 10.0.40219.1
Project("{FAE04EC0-301F-11D3-BF4B-00C04F79EFBC}") = "BootstraptTasarım", "BootstraptTasarım\BootstraptTasarım.csproj", "{6666012C-8B90-4170-8F29-6F19709D281C}"
EndProject
Global
	GlobalSection(SolutionConfigurationPlatforms) = preSolution
		Debug|Any CPU = Debug|Any CPU
		Release|Any CPU = Release|Any CPU
	EndGlobalSection
	GlobalSection(ProjectConfigurationPlatforms) = postSolution
		{6666012C-8B90-4170-8F29-6F19709D281C}.Debug|Any CPU.ActiveCfg = Debug|Any CPU
		{6666012C-8B90-4170-8F29-6F19709D281C}.Debug|Any CPU.Build.0 = Debug|Any CPU
		{6666012C-8B90-4170-8F29-6F19709D281C}.Release|Any CPU.ActiveCfg = Release|Any CPU
		{6666012C-8B90-4170-8F29-6F19709D281C}.Release|Any CPU.Build.0 = Release|Any CPU
	EndGlobalSection
	GlobalSection(SolutionProperties) = preSolution
		HideSolutionNode = FALSE
	EndGlobalSection
	GlobalSection(ExtensibilityGlobals) = postSolution
		SolutionGuid = {F888451C-5A47-432E-B173-7D6DAA68AAE9}
	EndGlobalSection
EndGlobal
